{
    "_meta": {
        "hash": {
            "sha256": "aa7f5fdf934909abd00a36f8171973a76fde8b5aedf710d894654e759183c202"
        },
        "pipfile-spec": 6,
        "requires": {
            "python_version": "3.9"
        },
        "sources": [
            {
                "name": "pypi",
                "url": "https://pypi.org/simple",
                "verify_ssl": true
            }
        ]
    },
    "default": {
        "asgiref": {
            "hashes": [
                "sha256:13acff32519542a1736223fb79a715acdebe24286d98e8b164a73085f40da2c4",
                "sha256:1db9021efadb0d9512ce8ffaf72fcef601c7b73a8807a1bb2ef143dc6b14846d"
            ],
            "markers": "python_version >= '3.9'",
            "version": "==3.11.0"
        },
        "django": {
            "hashes": [
                "sha256:b865fbe0f4a3d1ee36594c5efa42b20db3c8bbb10dff0736face1c6e4bda5b92",
                "sha256:f393a394053713e7d213984555c5b7d3caeee78b2ccb729888a0774dff6c11a8"
            ],
            "index": "pypi",
            "markers": "python_version >= '3.8'",
            "version": "==4.2.27"
        },
        "django-cors-headers": {
            "hashes": [
                "sha256:5665fc1b1aabf1b678885cf6f8f8bd7da36ef0a978375e767d491b48d3055d8f",
                "sha256:ba898dd478cd4be3a38ebc3d8729fa4d044679f8c91b2684edee41129d7e968a"
            ],
            "index": "pypi",
            "version": "==3.6.0"
        },
        "djangorestframework": {
            "hashes": [
                "sha256:2b8871b062ba1aefc2de01f773875441a961fefbf79f5eed1e32b2f096944b20",
                "sha256:36fe88cd2d6c6bec23dca9804bab2ba5517a8bb9d8f47ebc68981b56840107ad"
            ],
            "index": "pypi",
            "markers": "python_version >= '3.8'",
            "version": "==3.15.2"
        },
        "pytz": {
            "hashes": [
                "sha256:2a29735ea9c18baf14b448846bde5a48030ed267578472d8955cd0e7443a9812",
                "sha256:328171f4e3623139da4983451950b28e95ac706e13f3f2630a879749e7a8b319"
            ],
            "version": "==2024.1"
        },
        "sqlparse": {
            "hashes": [
                "sha256:12a08b3bf3eec877c519589833aed092e2444e68240a3577e8e26148acc7b1ba",
                "sha256:e20d4a9b0b8585fdf63b10d30066c7c94c5d7a7ec47c889a2d83a3caa93ff28e"
            ],
            "markers": "python_version >= '3.8'",
            "version": "==0.5.5"
        },
        "typing-extensions": {
            "hashes": [
                "sha256:0cea48d173cc12fa28ecabc3b837ea3cf6f38c6d1136f85cbaaf598984861466",
                "sha256:f0fa19c6845758ab08074a0cfa8b7aecb71c999ca73d62883bc25cc018c4e548"
            ],
            "markers": "python_version >= '3.9'",
            "version": "==4.15.0"
        }
    },
    "develop": {}
}
